
Microsoft Visual Studio Solution File, Format Version 11.00
# Visual Studio 2010
Project("{FAE04EC0-301F-11D3-BF4B-00C04F79EFBC}") = "TrackProtect.vc10", "TrackProtect.vc10.csproj", "{97819459-3765-478E-A102-89A16BE465E7}"
EndProject
Global
	GlobalSection(SolutionConfigurationPlatforms) = preSolution
		Debug|Any CPU = Debug|Any CPU
		Release|Any CPU = Release|Any CPU
	EndGlobalSection
	GlobalSection(ProjectConfigurationPlatforms) = postSolution
		{97819459-3765-478E-A102-89A16BE465E7}.Debug|Any CPU.ActiveCfg = Debug|Any CPU
		{97819459-3765-478E-A102-89A16BE465E7}.Debug|Any CPU.Build.0 = Debug|Any CPU
		{97819459-3765-478E-A102-89A16BE465E7}.Release|Any CPU.ActiveCfg = Release|Any CPU
		{97819459-3765-478E-A102-89A16BE465E7}.Release|Any CPU.Build.0 = Release|Any CPU
	EndGlobalSection
	GlobalSection(SolutionProperties) = preSolution
		HideSolutionNode = FALSE
	EndGlobalSection
EndGlobal
